// !$*UTF8*$!
{
	archiveVersion = 1;
	classes = {
	};
	objectVersion = 56;
	objects = {

/* Begin PBXBuildFile section */
		06D0C46EDDB09515A6AF100C /* Pods_MPKCustomReader.framework in Frameworks */ = {isa = PBXBuildFile; fileRef = 0896812A9E6070CFD2C19131 /* Pods_MPKCustomReader.framework */; };
		F0F023A02D9E644D007A1FC0 /* AppDelegate.swift in Sources */ = {isa = PBXBuildFile; fileRef = F0F0239F2D9E644D007A1FC0 /* AppDelegate.swift */; };
		F0F023A22D9E644D007A1FC0 /* SceneDelegate.swift in Sources */ = {isa = PBXBuildFile; fileRef = F0F023A12D9E644D007A1FC0 /* SceneDelegate.swift */; };
		F0F023A42D9E644D007A1FC0 /* ViewController.swift in Sources */ = {isa = PBXBuildFile; fileRef = F0F023A32D9E644D007A1FC0 /* ViewController.swift */; };
		F0F023A72D9E644D007A1FC0 /* Base in Resources */ = {isa = PBXBuildFile; fileRef = F0F023A62D9E644D007A1FC0 /* Base */; };
		F0F023A92D9E644F007A1FC0 /* Assets.xcassets in Resources */ = {isa = PBXBuildFile; fileRef = F0F023A82D9E644F007A1FC0 /* Assets.xcassets */; };
		F0F023AC2D9E644F007A1FC0 /* Base in Resources */ = {isa = PBXBuildFile; fileRef = F0F023AB2D9E644F007A1FC0 /* Base */; };
		F0F023B42D9E6467007A1FC0 /* RtcManager.swift in Sources */ = {isa = PBXBuildFile; fileRef = F0F023B32D9E6467007A1FC0 /* RtcManager.swift */; };
		F0F023BD2D9E646F007A1FC0 /* CacheManager.swift in Sources */ = {isa = PBXBuildFile; fileRef = F0F023B52D9E646F007A1FC0 /* CacheManager.swift */; };
		F0F023BE2D9E646F007A1FC0 /* CryptoHeader.swift in Sources */ = {isa = PBXBuildFile; fileRef = F0F023B62D9E646F007A1FC0 /* CryptoHeader.swift */; };
		F0F023BF2D9E646F007A1FC0 /* CustomDataReader.swift in Sources */ = {isa = PBXBuildFile; fileRef = F0F023B72D9E646F007A1FC0 /* CustomDataReader.swift */; };
		F0F023C02D9E646F007A1FC0 /* Logger.swift in Sources */ = {isa = PBXBuildFile; fileRef = F0F023B82D9E646F007A1FC0 /* Logger.swift */; };
		F0F023C12D9E646F007A1FC0 /* MediaPlayerViewController.swift in Sources */ = {isa = PBXBuildFile; fileRef = F0F023B92D9E646F007A1FC0 /* MediaPlayerViewController.swift */; };
		F0F023C22D9E646F007A1FC0 /* NetworkDataReader.swift in Sources */ = {isa = PBXBuildFile; fileRef = F0F023BA2D9E646F007A1FC0 /* NetworkDataReader.swift */; };
		F0F023C32D9E646F007A1FC0 /* XORCrypto.swift in Sources */ = {isa = PBXBuildFile; fileRef = F0F023BB2D9E646F007A1FC0 /* XORCrypto.swift */; };
/* End PBXBuildFile section */

/* Begin PBXFileReference section */
		0896812A9E6070CFD2C19131 /* Pods_MPKCustomReader.framework */ = {isa = PBXFileReference; explicitFileType = wrapper.framework; includeInIndex = 0; path = Pods_MPKCustomReader.framework; sourceTree = BUILT_PRODUCTS_DIR; };
		D40CA91616D9C59BA6FD2BE2 /* Pods-MPKCustomReader.release.xcconfig */ = {isa = PBXFileReference; includeInIndex = 1; lastKnownFileType = text.xcconfig; name = "Pods-MPKCustomReader.release.xcconfig"; path = "Target Support Files/Pods-MPKCustomReader/Pods-MPKCustomReader.release.xcconfig"; sourceTree = "<group>"; };
		ED38EA23393306050ECBF0A6 /* Pods-MPKCustomReader.debug.xcconfig */ = {isa = PBXFileReference; includeInIndex = 1; lastKnownFileType = text.xcconfig; name = "Pods-MPKCustomReader.debug.xcconfig"; path = "Target Support Files/Pods-MPKCustomReader/Pods-MPKCustomReader.debug.xcconfig"; sourceTree = "<group>"; };
		F0F0239C2D9E644D007A1FC0 /* MPKCustomReader.app */ = {isa = PBXFileReference; explicitFileType = wrapper.application; includeInIndex = 0; path = MPKCustomReader.app; sourceTree = BUILT_PRODUCTS_DIR; };
		F0F0239F2D9E644D007A1FC0 /* AppDelegate.swift */ = {isa = PBXFileReference; lastKnownFileType = sourcecode.swift; path = AppDelegate.swift; sourceTree = "<group>"; };
		F0F023A12D9E644D007A1FC0 /* SceneDelegate.swift */ = {isa = PBXFileReference; lastKnownFileType = sourcecode.swift; path = SceneDelegate.swift; sourceTree = "<group>"; };
		F0F023A32D9E644D007A1FC0 /* ViewController.swift */ = {isa = PBXFileReference; lastKnownFileType = sourcecode.swift; path = ViewController.swift; sourceTree = "<group>"; };
		F0F023A62D9E644D007A1FC0 /* Base */ = {isa = PBXFileReference; lastKnownFileType = file.storyboard; name = Base; path = Base.lproj/Main.storyboard; sourceTree = "<group>"; };
		F0F023A82D9E644F007A1FC0 /* Assets.xcassets */ = {isa = PBXFileReference; lastKnownFileType = folder.assetcatalog; path = Assets.xcassets; sourceTree = "<group>"; };
		F0F023AB2D9E644F007A1FC0 /* Base */ = {isa = PBXFileReference; lastKnownFileType = file.storyboard; name = Base; path = Base.lproj/LaunchScreen.storyboard; sourceTree = "<group>"; };
		F0F023AD2D9E644F007A1FC0 /* Info.plist */ = {isa = PBXFileReference; lastKnownFileType = text.plist.xml; path = Info.plist; sourceTree = "<group>"; };
		F0F023B32D9E6467007A1FC0 /* RtcManager.swift */ = {isa = PBXFileReference; fileEncoding = 4; lastKnownFileType = sourcecode.swift; path = RtcManager.swift; sourceTree = "<group>"; };
		F0F023B52D9E646F007A1FC0 /* CacheManager.swift */ = {isa = PBXFileReference; fileEncoding = 4; lastKnownFileType = sourcecode.swift; path = CacheManager.swift; sourceTree = "<group>"; };
		F0F023B62D9E646F007A1FC0 /* CryptoHeader.swift */ = {isa = PBXFileReference; fileEncoding = 4; lastKnownFileType = sourcecode.swift; path = CryptoHeader.swift; sourceTree = "<group>"; };
		F0F023B72D9E646F007A1FC0 /* CustomDataReader.swift */ = {isa = PBXFileReference; fileEncoding = 4; lastKnownFileType = sourcecode.swift; path = CustomDataReader.swift; sourceTree = "<group>"; };
		F0F023B82D9E646F007A1FC0 /* Logger.swift */ = {isa = PBXFileReference; fileEncoding = 4; lastKnownFileType = sourcecode.swift; path = Logger.swift; sourceTree = "<group>"; };
		F0F023B92D9E646F007A1FC0 /* MediaPlayerViewController.swift */ = {isa = PBXFileReference; fileEncoding = 4; lastKnownFileType = sourcecode.swift; path = MediaPlayerViewController.swift; sourceTree = "<group>"; };
		F0F023BA2D9E646F007A1FC0 /* NetworkDataReader.swift */ = {isa = PBXFileReference; fileEncoding = 4; lastKnownFileType = sourcecode.swift; path = NetworkDataReader.swift; sourceTree = "<group>"; };
		F0F023BB2D9E646F007A1FC0 /* XORCrypto.swift */ = {isa = PBXFileReference; fileEncoding = 4; lastKnownFileType = sourcecode.swift; path = XORCrypto.swift; sourceTree = "<group>"; };
/* End PBXFileReference section */

/* Begin PBXFrameworksBuildPhase section */
		F0F023992D9E644D007A1FC0 /* Frameworks */ = {
			isa = PBXFrameworksBuildPhase;
			buildActionMask = 2147483647;
			files = (
				06D0C46EDDB09515A6AF100C /* Pods_MPKCustomReader.framework in Frameworks */,
			);
			runOnlyForDeploymentPostprocessing = 0;
		};
/* End PBXFrameworksBuildPhase section */

/* Begin PBXGroup section */
		68453140E0C7E97410331D64 /* Frameworks */ = {
			isa = PBXGroup;
			children = (
				0896812A9E6070CFD2C19131 /* Pods_MPKCustomReader.framework */,
			);
			name = Frameworks;
			sourceTree = "<group>";
		};
		DE9254D15C066A6F384FA92F /* Pods */ = {
			isa = PBXGroup;
			children = (
				ED38EA23393306050ECBF0A6 /* Pods-MPKCustomReader.debug.xcconfig */,
				D40CA91616D9C59BA6FD2BE2 /* Pods-MPKCustomReader.release.xcconfig */,
			);
			path = Pods;
			sourceTree = "<group>";
		};
		F0F023932D9E644D007A1FC0 = {
			isa = PBXGroup;
			children = (
				F0F0239E2D9E644D007A1FC0 /* MPKCustomReader */,
				F0F0239D2D9E644D007A1FC0 /* Products */,
				DE9254D15C066A6F384FA92F /* Pods */,
				68453140E0C7E97410331D64 /* Frameworks */,
			);
			sourceTree = "<group>";
		};
		F0F0239D2D9E644D007A1FC0 /* Products */ = {
			isa = PBXGroup;
			children = (
				F0F0239C2D9E644D007A1FC0 /* MPKCustomReader.app */,
			);
			name = Products;
			sourceTree = "<group>";
		};
		F0F0239E2D9E644D007A1FC0 /* MPKCustomReader */ = {
			isa = PBXGroup;
			children = (
				F0F0239F2D9E644D007A1FC0 /* AppDelegate.swift */,
				F0F023A12D9E644D007A1FC0 /* SceneDelegate.swift */,
				F0F023A32D9E644D007A1FC0 /* ViewController.swift */,
				F0F023B32D9E6467007A1FC0 /* RtcManager.swift */,
				F0F023BC2D9E646F007A1FC0 /* mpk */,
				F0F023A52D9E644D007A1FC0 /* Main.storyboard */,
				F0F023A82D9E644F007A1FC0 /* Assets.xcassets */,
				F0F023AA2D9E644F007A1FC0 /* LaunchScreen.storyboard */,
				F0F023AD2D9E644F007A1FC0 /* Info.plist */,
			);
			path = MPKCustomReader;
			sourceTree = "<group>";
		};
		F0F023BC2D9E646F007A1FC0 /* mpk */ = {
			isa = PBXGroup;
			children = (
				F0F023B52D9E646F007A1FC0 /* CacheManager.swift */,
				F0F023B62D9E646F007A1FC0 /* CryptoHeader.swift */,
				F0F023B72D9E646F007A1FC0 /* CustomDataReader.swift */,
				F0F023B82D9E646F007A1FC0 /* Logger.swift */,
				F0F023B92D9E646F007A1FC0 /* MediaPlayerViewController.swift */,
				F0F023BA2D9E646F007A1FC0 /* NetworkDataReader.swift */,
				F0F023BB2D9E646F007A1FC0 /* XORCrypto.swift */,
			);
			path = mpk;
			sourceTree = "<group>";
		};
/* End PBXGroup section */

/* Begin PBXNativeTarget section */
		F0F0239B2D9E644D007A1FC0 /* MPKCustomReader */ = {
			isa = PBXNativeTarget;
			buildConfigurationList = F0F023B02D9E644F007A1FC0 /* Build configuration list for PBXNativeTarget "MPKCustomReader" */;
			buildPhases = (
				983CEF428BE303F8D60FE731 /* [CP] Check Pods Manifest.lock */,
				F0F023982D9E644D007A1FC0 /* Sources */,
				F0F023992D9E644D007A1FC0 /* Frameworks */,
				F0F0239A2D9E644D007A1FC0 /* Resources */,
				A7059A93226FFAAFE46AB674 /* [CP] Embed Pods Frameworks */,
			);
			buildRules = (
			);
			dependencies = (
			);
			name = MPKCustomReader;
			productName = MPKCustomReader;
			productReference = F0F0239C2D9E644D007A1FC0 /* MPKCustomReader.app */;
			productType = "com.apple.product-type.application";
		};
/* End PBXNativeTarget section */

/* Begin PBXProject section */
		F0F023942D9E644D007A1FC0 /* Project object */ = {
			isa = PBXProject;
			attributes = {
				BuildIndependentTargetsInParallel = 1;
				LastSwiftUpdateCheck = 1540;
				LastUpgradeCheck = 1540;
				TargetAttributes = {
					F0F0239B2D9E644D007A1FC0 = {
						CreatedOnToolsVersion = 15.4;
					};
				};
			};
			buildConfigurationList = F0F023972D9E644D007A1FC0 /* Build configuration list for PBXProject "MPKCustomReader" */;
			compatibilityVersion = "Xcode 14.0";
			developmentRegion = en;
			hasScannedForEncodings = 0;
			knownRegions = (
				en,
				Base,
			);
			mainGroup = F0F023932D9E644D007A1FC0;
			productRefGroup = F0F0239D2D9E644D007A1FC0 /* Products */;
			projectDirPath = "";
			projectRoot = "";
			targets = (
				F0F0239B2D9E644D007A1FC0 /* MPKCustomReader */,
			);
		};
/* End PBXProject section */

/* Begin PBXResourcesBuildPhase section */
		F0F0239A2D9E644D007A1FC0 /* Resources */ = {
			isa = PBXResourcesBuildPhase;
			buildActionMask = 2147483647;
			files = (
				F0F023A92D9E644F007A1FC0 /* Assets.xcassets in Resources */,
				F0F023AC2D9E644F007A1FC0 /* Base in Resources */,
				F0F023A72D9E644D007A1FC0 /* Base in Resources */,
			);
			runOnlyForDeploymentPostprocessing = 0;
		};
/* End PBXResourcesBuildPhase section */

/* Begin PBXShellScriptBuildPhase section */
		983CEF428BE303F8D60FE731 /* [CP] Check Pods Manifest.lock */ = {
			isa = PBXShellScriptBuildPhase;
			buildActionMask = 2147483647;
			files = (
			);
			inputFileListPaths = (
			);
			inputPaths = (
				"${PODS_PODFILE_DIR_PATH}/Podfile.lock",
				"${PODS_ROOT}/Manifest.lock",
			);
			name = "[CP] Check Pods Manifest.lock";
			outputFileListPaths = (
			);
			outputPaths = (
				"$(DERIVED_FILE_DIR)/Pods-MPKCustomReader-checkManifestLockResult.txt",
			);
			runOnlyForDeploymentPostprocessing = 0;
			shellPath = /bin/sh;
			shellScript = "diff \"${PODS_PODFILE_DIR_PATH}/Podfile.lock\" \"${PODS_ROOT}/Manifest.lock\" > /dev/null\nif [ $? != 0 ] ; then\n    # print error to STDERR\n    echo \"error: The sandbox is not in sync with the Podfile.lock. Run 'pod install' or update your CocoaPods installation.\" >&2\n    exit 1\nfi\n# This output is used by Xcode 'outputs' to avoid re-running this script phase.\necho \"SUCCESS\" > \"${SCRIPT_OUTPUT_FILE_0}\"\n";
			showEnvVarsInLog = 0;
		};
		A7059A93226FFAAFE46AB674 /* [CP] Embed Pods Frameworks */ = {
			isa = PBXShellScriptBuildPhase;
			buildActionMask = 2147483647;
			files = (
			);
			inputFileListPaths = (
				"${PODS_ROOT}/Target Support Files/Pods-MPKCustomReader/Pods-MPKCustomReader-frameworks-${CONFIGURATION}-input-files.xcfilelist",
			);
			name = "[CP] Embed Pods Frameworks";
			outputFileListPaths = (
				"${PODS_ROOT}/Target Support Files/Pods-MPKCustomReader/Pods-MPKCustomReader-frameworks-${CONFIGURATION}-output-files.xcfilelist",
			);
			runOnlyForDeploymentPostprocessing = 0;
			shellPath = /bin/sh;
			shellScript = "\"${PODS_ROOT}/Target Support Files/Pods-MPKCustomReader/Pods-MPKCustomReader-frameworks.sh\"\n";
			showEnvVarsInLog = 0;
		};
/* End PBXShellScriptBuildPhase section */

/* Begin PBXSourcesBuildPhase section */
		F0F023982D9E644D007A1FC0 /* Sources */ = {
			isa = PBXSourcesBuildPhase;
			buildActionMask = 2147483647;
			files = (
				F0F023A42D9E644D007A1FC0 /* ViewController.swift in Sources */,
				F0F023C12D9E646F007A1FC0 /* MediaPlayerViewController.swift in Sources */,
				F0F023BE2D9E646F007A1FC0 /* CryptoHeader.swift in Sources */,
				F0F023BD2D9E646F007A1FC0 /* CacheManager.swift in Sources */,
				F0F023A02D9E644D007A1FC0 /* AppDelegate.swift in Sources */,
				F0F023BF2D9E646F007A1FC0 /* CustomDataReader.swift in Sources */,
				F0F023A22D9E644D007A1FC0 /* SceneDelegate.swift in Sources */,
				F0F023C22D9E646F007A1FC0 /* NetworkDataReader.swift in Sources */,
				F0F023B42D9E6467007A1FC0 /* RtcManager.swift in Sources */,
				F0F023C02D9E646F007A1FC0 /* Logger.swift in Sources */,
				F0F023C32D9E646F007A1FC0 /* XORCrypto.swift in Sources */,
			);
			runOnlyForDeploymentPostprocessing = 0;
		};
/* End PBXSourcesBuildPhase section */

/* Begin PBXVariantGroup section */
		F0F023A52D9E644D007A1FC0 /* Main.storyboard */ = {
			isa = PBXVariantGroup;
			children = (
				F0F023A62D9E644D007A1FC0 /* Base */,
			);
			name = Main.storyboard;
			sourceTree = "<group>";
		};
		F0F023AA2D9E644F007A1FC0 /* LaunchScreen.storyboard */ = {
			isa = PBXVariantGroup;
			children = (
				F0F023AB2D9E644F007A1FC0 /* Base */,
			);
			name = LaunchScreen.storyboard;
			sourceTree = "<group>";
		};
/* End PBXVariantGroup section */

/* Begin XCBuildConfiguration section */
		F0F023AE2D9E644F007A1FC0 /* Debug */ = {
			isa = XCBuildConfiguration;
			buildSettings = {
				ALWAYS_SEARCH_USER_PATHS = NO;
				ASSETCATALOG_COMPILER_GENERATE_SWIFT_ASSET_SYMBOL_EXTENSIONS = YES;
				CLANG_ANALYZER_NONNULL = YES;
				CLANG_ANALYZER_NUMBER_OBJECT_CONVERSION = YES_AGGRESSIVE;
				CLANG_CXX_LANGUAGE_STANDARD = "gnu++20";
				CLANG_ENABLE_MODULES = YES;
				CLANG_ENABLE_OBJC_ARC = YES;
				CLANG_ENABLE_OBJC_WEAK = YES;
				CLANG_WARN_BLOCK_CAPTURE_AUTORELEASING = YES;
				CLANG_WARN_BOOL_CONVERSION = YES;
				CLANG_WARN_COMMA = YES;
				CLANG_WARN_CONSTANT_CONVERSION = YES;
				CLANG_WARN_DEPRECATED_OBJC_IMPLEMENTATIONS = YES;
				CLANG_WARN_DIRECT_OBJC_ISA_USAGE = YES_ERROR;
				CLANG_WARN_DOCUMENTATION_COMMENTS = YES;
				CLANG_WARN_EMPTY_BODY = YES;
				CLANG_WARN_ENUM_CONVERSION = YES;
				CLANG_WARN_INFINITE_RECURSION = YES;
				CLANG_WARN_INT_CONVERSION = YES;
				CLANG_WARN_NON_LITERAL_NULL_CONVERSION = YES;
				CLANG_WARN_OBJC_IMPLICIT_RETAIN_SELF = YES;
				CLANG_WARN_OBJC_LITERAL_CONVERSION = YES;
				CLANG_WARN_OBJC_ROOT_CLASS = YES_ERROR;
				CLANG_WARN_QUOTED_INCLUDE_IN_FRAMEWORK_HEADER = YES;
				CLANG_WARN_RANGE_LOOP_ANALYSIS = YES;
				CLANG_WARN_STRICT_PROTOTYPES = YES;
				CLANG_WARN_SUSPICIOUS_MOVE = YES;
				CLANG_WARN_UNGUARDED_AVAILABILITY = YES_AGGRESSIVE;
				CLANG_WARN_UNREACHABLE_CODE = YES;
				CLANG_WARN__DUPLICATE_METHOD_MATCH = YES;
				COPY_PHASE_STRIP = NO;
				DEBUG_INFORMATION_FORMAT = dwarf;
				ENABLE_STRICT_OBJC_MSGSEND = YES;
				ENABLE_TESTABILITY = YES;
				ENABLE_USER_SCRIPT_SANDBOXING = YES;
				GCC_C_LANGUAGE_STANDARD = gnu17;
				GCC_DYNAMIC_NO_PIC = NO;
				GCC_NO_COMMON_BLOCKS = YES;
				GCC_OPTIMIZATION_LEVEL = 0;
				GCC_PREPROCESSOR_DEFINITIONS = (
					"DEBUG=1",
					"$(inherited)",
				);
				GCC_WARN_64_TO_32_BIT_CONVERSION = YES;
				GCC_WARN_ABOUT_RETURN_TYPE = YES_ERROR;
				GCC_WARN_UNDECLARED_SELECTOR = YES;
				GCC_WARN_UNINITIALIZED_AUTOS = YES_AGGRESSIVE;
				GCC_WARN_UNUSED_FUNCTION = YES;
				GCC_WARN_UNUSED_VARIABLE = YES;
				IPHONEOS_DEPLOYMENT_TARGET = 17.5;
				LOCALIZATION_PREFERS_STRING_CATALOGS = YES;
				MTL_ENABLE_DEBUG_INFO = INCLUDE_SOURCE;
				MTL_FAST_MATH = YES;
				ONLY_ACTIVE_ARCH = YES;
				SDKROOT = iphoneos;
				SWIFT_ACTIVE_COMPILATION_CONDITIONS = "DEBUG $(inherited)";
				SWIFT_OPTIMIZATION_LEVEL = "-Onone";
			};
			name = Debug;
		};
		F0F023AF2D9E644F007A1FC0 /* Release */ = {
			isa = XCBuildConfiguration;
			buildSettings = {
				ALWAYS_SEARCH_USER_PATHS = NO;
				ASSETCATALOG_COMPILER_GENERATE_SWIFT_ASSET_SYMBOL_EXTENSIONS = YES;
				CLANG_ANALYZER_NONNULL = YES;
				CLANG_ANALYZER_NUMBER_OBJECT_CONVERSION = YES_AGGRESSIVE;
				CLANG_CXX_LANGUAGE_STANDARD = "gnu++20";
				CLANG_ENABLE_MODULES = YES;
				CLANG_ENABLE_OBJC_ARC = YES;
				CLANG_ENABLE_OBJC_WEAK = YES;
				CLANG_WARN_BLOCK_CAPTURE_AUTORELEASING = YES;
				CLANG_WARN_BOOL_CONVERSION = YES;
				CLANG_WARN_COMMA = YES;
				CLANG_WARN_CONSTANT_CONVERSION = YES;
				CLANG_WARN_DEPRECATED_OBJC_IMPLEMENTATIONS = YES;
				CLANG_WARN_DIRECT_OBJC_ISA_USAGE = YES_ERROR;
				CLANG_WARN_DOCUMENTATION_COMMENTS = YES;
				CLANG_WARN_EMPTY_BODY = YES;
				CLANG_WARN_ENUM_CONVERSION = YES;
				CLANG_WARN_INFINITE_RECURSION = YES;
				CLANG_WARN_INT_CONVERSION = YES;
				CLANG_WARN_NON_LITERAL_NULL_CONVERSION = YES;
				CLANG_WARN_OBJC_IMPLICIT_RETAIN_SELF = YES;
				CLANG_WARN_OBJC_LITERAL_CONVERSION = YES;
				CLANG_WARN_OBJC_ROOT_CLASS = YES_ERROR;
				CLANG_WARN_QUOTED_INCLUDE_IN_FRAMEWORK_HEADER = YES;
				CLANG_WARN_RANGE_LOOP_ANALYSIS = YES;
				CLANG_WARN_STRICT_PROTOTYPES = YES;
				CLANG_WARN_SUSPICIOUS_MOVE = YES;
				CLANG_WARN_UNGUARDED_AVAILABILITY = YES_AGGRESSIVE;
				CLANG_WARN_UNREACHABLE_CODE = YES;
				CLANG_WARN__DUPLICATE_METHOD_MATCH = YES;
				COPY_PHASE_STRIP = NO;
				DEBUG_INFORMATION_FORMAT = "dwarf-with-dsym";
				ENABLE_NS_ASSERTIONS = NO;
				ENABLE_STRICT_OBJC_MSGSEND = YES;
				ENABLE_USER_SCRIPT_SANDBOXING = YES;
				GCC_C_LANGUAGE_STANDARD = gnu17;
				GCC_NO_COMMON_BLOCKS = YES;
				GCC_WARN_64_TO_32_BIT_CONVERSION = YES;
				GCC_WARN_ABOUT_RETURN_TYPE = YES_ERROR;
				GCC_WARN_UNDECLARED_SELECTOR = YES;
				GCC_WARN_UNINITIALIZED_AUTOS = YES_AGGRESSIVE;
				GCC_WARN_UNUSED_FUNCTION = YES;
				GCC_WARN_UNUSED_VARIABLE = YES;
				IPHONEOS_DEPLOYMENT_TARGET = 17.5;
				LOCALIZATION_PREFERS_STRING_CATALOGS = YES;
				MTL_ENABLE_DEBUG_INFO = NO;
				MTL_FAST_MATH = YES;
				SDKROOT = iphoneos;
				SWIFT_COMPILATION_MODE = wholemodule;
				VALIDATE_PRODUCT = YES;
			};
			name = Release;
		};
		F0F023B12D9E644F007A1FC0 /* Debug */ = {
			isa = XCBuildConfiguration;
			baseConfigurationReference = ED38EA23393306050ECBF0A6 /* Pods-MPKCustomReader.debug.xcconfig */;
			buildSettings = {
				ASSETCATALOG_COMPILER_APPICON_NAME = AppIcon;
				ASSETCATALOG_COMPILER_GLOBAL_ACCENT_COLOR_NAME = AccentColor;
				CODE_SIGN_STYLE = Automatic;
				CURRENT_PROJECT_VERSION = 1;
				DEVELOPMENT_TEAM = 5S4QSMZLCU;
				ENABLE_USER_SCRIPT_SANDBOXING = NO;
				GENERATE_INFOPLIST_FILE = YES;
				INFOPLIST_FILE = MPKCustomReader/Info.plist;
				INFOPLIST_KEY_UIApplicationSupportsIndirectInputEvents = YES;
				INFOPLIST_KEY_UILaunchStoryboardName = LaunchScreen;
				INFOPLIST_KEY_UIMainStoryboardFile = Main;
				INFOPLIST_KEY_UISupportedInterfaceOrientations_iPad = "UIInterfaceOrientationPortrait UIInterfaceOrientationPortraitUpsideDown UIInterfaceOrientationLandscapeLeft UIInterfaceOrientationLandscapeRight";
				INFOPLIST_KEY_UISupportedInterfaceOrientations_iPhone = "UIInterfaceOrientationPortrait UIInterfaceOrientationLandscapeLeft UIInterfaceOrientationLandscapeRight";
				LD_RUNPATH_SEARCH_PATHS = (
					"$(inherited)",
					"@executable_path/Frameworks",
				);
				MARKETING_VERSION = 1.0;
				PRODUCT_BUNDLE_IDENTIFIER = com.agora.MPKCustomReader;
				PRODUCT_NAME = "$(TARGET_NAME)";
				SWIFT_EMIT_LOC_STRINGS = YES;
				SWIFT_VERSION = 5.0;
				TARGETED_DEVICE_FAMILY = "1,2";
			};
			name = Debug;
		};
		F0F023B22D9E644F007A1FC0 /* Release */ = {
			isa = XCBuildConfiguration;
			baseConfigurationReference = D40CA91616D9C59BA6FD2BE2 /* Pods-MPKCustomReader.release.xcconfig */;
			buildSettings = {
				ASSETCATALOG_COMPILER_APPICON_NAME = AppIcon;
				ASSETCATALOG_COMPILER_GLOBAL_ACCENT_COLOR_NAME = AccentColor;
				CODE_SIGN_STYLE = Automatic;
				CURRENT_PROJECT_VERSION = 1;
				DEVELOPMENT_TEAM = 5S4QSMZLCU;
				ENABLE_USER_SCRIPT_SANDBOXING = NO;
				GENERATE_INFOPLIST_FILE = YES;
				INFOPLIST_FILE = MPKCustomReader/Info.plist;
				INFOPLIST_KEY_UIApplicationSupportsIndirectInputEvents = YES;
				INFOPLIST_KEY_UILaunchStoryboardName = LaunchScreen;
				INFOPLIST_KEY_UIMainStoryboardFile = Main;
				INFOPLIST_KEY_UISupportedInterfaceOrientations_iPad = "UIInterfaceOrientationPortrait UIInterfaceOrientationPortraitUpsideDown UIInterfaceOrientationLandscapeLeft UIInterfaceOrientationLandscapeRight";
				INFOPLIST_KEY_UISupportedInterfaceOrientations_iPhone = "UIInterfaceOrientationPortrait UIInterfaceOrientationLandscapeLeft UIInterfaceOrientationLandscapeRight";
				LD_RUNPATH_SEARCH_PATHS = (
					"$(inherited)",
					"@executable_path/Frameworks",
				);
				MARKETING_VERSION = 1.0;
				PRODUCT_BUNDLE_IDENTIFIER = com.agora.MPKCustomReader;
				PRODUCT_NAME = "$(TARGET_NAME)";
				SWIFT_EMIT_LOC_STRINGS = YES;
				SWIFT_VERSION = 5.0;
				TARGETED_DEVICE_FAMILY = "1,2";
			};
			name = Release;
		};
/* End XCBuildConfiguration section */

/* Begin XCConfigurationList section */
		F0F023972D9E644D007A1FC0 /* Build configuration list for PBXProject "MPKCustomReader" */ = {
			isa = XCConfigurationList;
			buildConfigurations = (
				F0F023AE2D9E644F007A1FC0 /* Debug */,
				F0F023AF2D9E644F007A1FC0 /* Release */,
			);
			defaultConfigurationIsVisible = 0;
			defaultConfigurationName = Release;
		};
		F0F023B02D9E644F007A1FC0 /* Build configuration list for PBXNativeTarget "MPKCustomReader" */ = {
			isa = XCConfigurationList;
			buildConfigurations = (
				F0F023B12D9E644F007A1FC0 /* Debug */,
				F0F023B22D9E644F007A1FC0 /* Release */,
			);
			defaultConfigurationIsVisible = 0;
			defaultConfigurationName = Release;
		};
/* End XCConfigurationList section */
	};
	rootObject = F0F023942D9E644D007A1FC0 /* Project object */;
}
